
Microsoft Visual Studio Solution File, Format Version 12.00
# Visual Studio Version 17
VisualStudioVersion = 17.5.33424.131
MinimumVisualStudioVersion = 10.0.40219.1
Project("{FAE04EC0-301F-11D3-BF4B-00C04F79EFBC}") = "InjecaoDependencia", "InjecaoDependencia\InjecaoDependencia.csproj", "{6A3B78CD-C69A-4D18-8888-D4E2ABF5C715}"
EndProject
Global
	GlobalSection(SolutionConfigurationPlatforms) = preSolution
		Debug|Any CPU = Debug|Any CPU
		Release|Any CPU = Release|Any CPU
	EndGlobalSection
	GlobalSection(ProjectConfigurationPlatforms) = postSolution
		{6A3B78CD-C69A-4D18-8888-D4E2ABF5C715}.Debug|Any CPU.ActiveCfg = Debug|Any CPU
		{6A3B78CD-C69A-4D18-8888-D4E2ABF5C715}.Debug|Any CPU.Build.0 = Debug|Any CPU
		{6A3B78CD-C69A-4D18-8888-D4E2ABF5C715}.Release|Any CPU.ActiveCfg = Release|Any CPU
		{6A3B78CD-C69A-4D18-8888-D4E2ABF5C715}.Release|Any CPU.Build.0 = Release|Any CPU
	EndGlobalSection
	GlobalSection(SolutionProperties) = preSolution
		HideSolutionNode = FALSE
	EndGlobalSection
	GlobalSection(ExtensibilityGlobals) = postSolution
		SolutionGuid = {7262E6A7-2804-4DEB-AF14-71F90F511FEB}
	EndGlobalSection
EndGlobal
